
Microsoft Visual Studio Solution File, Format Version 12.00
# Visual Studio Version 17
VisualStudioVersion = 17.12.35527.113 d17.12
MinimumVisualStudioVersion = 10.0.40219.1
Project("{FAE04EC0-301F-11D3-BF4B-00C04F79EFBC}") = "BreweryWebAPI_V", "BreweryWebAPI_V\BreweryWebAPI_V.csproj", "{016F27C9-0151-4BDB-89B6-462CE582BEAB}"
EndProject
Global
	GlobalSection(SolutionConfigurationPlatforms) = preSolution
		Debug|Any CPU = Debug|Any CPU
		Release|Any CPU = Release|Any CPU
	EndGlobalSection
	GlobalSection(ProjectConfigurationPlatforms) = postSolution
		{016F27C9-0151-4BDB-89B6-462CE582BEAB}.Debug|Any CPU.ActiveCfg = Debug|Any CPU
		{016F27C9-0151-4BDB-89B6-462CE582BEAB}.Debug|Any CPU.Build.0 = Debug|Any CPU
		{016F27C9-0151-4BDB-89B6-462CE582BEAB}.Release|Any CPU.ActiveCfg = Release|Any CPU
		{016F27C9-0151-4BDB-89B6-462CE582BEAB}.Release|Any CPU.Build.0 = Release|Any CPU
	EndGlobalSection
	GlobalSection(SolutionProperties) = preSolution
		HideSolutionNode = FALSE
	EndGlobalSection
EndGlobal
